
Microsoft Visual Studio Solution File, Format Version 12.00
# Visual Studio Version 17
VisualStudioVersion = 17.9.34728.123
MinimumVisualStudioVersion = 10.0.40219.1
Project("{9A19103F-16F7-4668-BE54-9A1E7A4F7556}") = "tlc-scraper", "tlc-scraper.csproj", "{ED795C32-4136-43EA-9ED3-AA1B09A0B9A8}"
EndProject
Global
	GlobalSection(SolutionConfigurationPlatforms) = preSolution
		Debug|Any CPU = Debug|Any CPU
		Release|Any CPU = Release|Any CPU
	EndGlobalSection
	GlobalSection(ProjectConfigurationPlatforms) = postSolution
		{ED795C32-4136-43EA-9ED3-AA1B09A0B9A8}.Debug|Any CPU.ActiveCfg = Debug|Any CPU
		{ED795C32-4136-43EA-9ED3-AA1B09A0B9A8}.Debug|Any CPU.Build.0 = Debug|Any CPU
		{ED795C32-4136-43EA-9ED3-AA1B09A0B9A8}.Release|Any CPU.ActiveCfg = Release|Any CPU
		{ED795C32-4136-43EA-9ED3-AA1B09A0B9A8}.Release|Any CPU.Build.0 = Release|Any CPU
	EndGlobalSection
	GlobalSection(SolutionProperties) = preSolution
		HideSolutionNode = FALSE
	EndGlobalSection
	GlobalSection(ExtensibilityGlobals) = postSolution
		SolutionGuid = {6FA68DB9-73AB-4021-8FB8-6335DE4E869B}
	EndGlobalSection
EndGlobal
